kit_version = "0.1.0"
kit_commit = "7687214"
last_sync = "2026-04-21T12:25:07Z"
managed = [
    ".claude/rules/worktrees.md",
    ".claude/rules/general.md",
    ".claude/rules/workflow.md",
    ".claude/rules/claude-meta.md",
    ".mise/tasks/worktree/setup",
    ".mise/tasks/worktree/cleanup",
    "AGENTS.md",
    "opencode.json",
    ".claude/rules/rust-style.md",
    ".mise/tasks/fmt/rust",
    ".mise/tasks/clean",
    ".claude/skills/retrospective/SKILL.md",
    ".claude/skills/land/SKILL.md",
]
